
Microsoft Visual Studio Solution File, Format Version 12.00
# Visual Studio Version 17
VisualStudioVersion = 17.4.33205.214
MinimumVisualStudioVersion = 10.0.40219.1
Project("{9A19103F-16F7-4668-BE54-9A1E7A4F7556}") = "GiphyService", "GiphyService\GiphyService.csproj", "{C4EF6237-3313-42D3-949B-D11846575751}"
EndProject
Project("{FAE04EC0-301F-11D3-BF4B-00C04F79EFBC}") = "GiphyBlazorApp", "GiphyBlazorApp\GiphyBlazorApp.csproj", "{11DB8993-9B1E-4380-A574-3CA449DBEDB2}"
EndProject
Global
	GlobalSection(SolutionConfigurationPlatforms) = preSolution
		Debug|Any CPU = Debug|Any CPU
		Release|Any CPU = Release|Any CPU
	EndGlobalSection
	GlobalSection(ProjectConfigurationPlatforms) = postSolution
		{C4EF6237-3313-42D3-949B-D11846575751}.Debug|Any CPU.ActiveCfg = Debug|Any CPU
		{C4EF6237-3313-42D3-949B-D11846575751}.Debug|Any CPU.Build.0 = Debug|Any CPU
		{C4EF6237-3313-42D3-949B-D11846575751}.Release|Any CPU.ActiveCfg = Release|Any CPU
		{C4EF6237-3313-42D3-949B-D11846575751}.Release|Any CPU.Build.0 = Release|Any CPU
		{11DB8993-9B1E-4380-A574-3CA449DBEDB2}.Debug|Any CPU.ActiveCfg = Debug|Any CPU
		{11DB8993-9B1E-4380-A574-3CA449DBEDB2}.Debug|Any CPU.Build.0 = Debug|Any CPU
		{11DB8993-9B1E-4380-A574-3CA449DBEDB2}.Release|Any CPU.ActiveCfg = Release|Any CPU
		{11DB8993-9B1E-4380-A574-3CA449DBEDB2}.Release|Any CPU.Build.0 = Release|Any CPU
	EndGlobalSection
	GlobalSection(SolutionProperties) = preSolution
		HideSolutionNode = FALSE
	EndGlobalSection
	GlobalSection(ExtensibilityGlobals) = postSolution
		SolutionGuid = {3E1B63D9-DFDF-4F82-A823-37C45FF85E41}
	EndGlobalSection
EndGlobal
